{
  "nodes": {
    "home-manager": {
      "inputs": {
        "nixpkgs": "nixpkgs"
      },
      "locked": {
        "lastModified": 1698128422,
        "narHash": "sha256-Qf39ATHrj6wfeC+K6uwD/FnI7RKrdEiN3uWaciUi0rM=",
        "owner": "nix-community",
        "repo": "home-manager",
        "rev": "6045b68ee725167ed0487f0fb88123202ba61923",
        "type": "github"
      },
      "original": {
        "id": "home-manager",
        "type": "indirect"
      }
    },
    "nixpkgs": {
      "locked": {
        "lastModified": 1697456312,
        "narHash": "sha256-roiSnrqb5r+ehnKCauPLugoU8S36KgmWraHgRqVYndo=",
        "owner": "NixOS",
        "repo": "nixpkgs",
        "rev": "ca012a02bf8327be9e488546faecae5e05d7d749",
        "type": "github"
      },
      "original": {
        "owner": "NixOS",
        "ref": "nixos-unstable",
        "repo": "nixpkgs",
        "type": "github"
      }
    },
    "nixpkgs_2": {
      "locked": {
        "lastModified": 1698153987,
        "narHash": "sha256-CNCXY8XUPxw1Q6pRTNFfEUEsmQLBf8MBU0NBNpASa1g=",
        "owner": "NixOS",
        "repo": "nixpkgs",
        "rev": "18f30ffe35a9f939cb15ba4fe2505c8c6f3e2957",
        "type": "github"
      },
      "original": {
        "owner": "NixOS",
        "repo": "nixpkgs",
        "type": "github"
      }
    },
    "root": {
      "inputs": {
        "home-manager": "home-manager",
        "nixpkgs": "nixpkgs_2"
      }
    }
  },
  "root": "root",
  "version": 7
}
