(list (channel
        (name 'nonguix)
        (url "https://gitlab.com/nonguix/nonguix")
        (branch "master")
        (commit
          "11a3834e50bb0ff12a1ea3f9853600e1536b32c1")
        (introduction
          (make-channel-introduction
            "897c1a470da759236cc11798f4e0a5f7d4d59fbc"
            (openpgp-fingerprint
              "2A39 3FFF 68F4 EF7A 3D29  12AF 6F51 20A0 22FB B2D5"))))
      (channel
        (name 'game)
        (url "https://gitlab.com/guix-gaming-channels/games")
        (branch "master")
        (commit
          "9924ad0a66f98ea1b538761fd49521acf4f689a3")
        (introduction
          (make-channel-introduction
            "c23d64f1b8cc086659f8781b27ab6c7314c5cca5"
            (openpgp-fingerprint
              "50F3 3E2E 5B0C 3D90 0424  ABE8 9BDC F497 A4BB CC7F"))))
      (channel
        (name 'guixrus)
        (url "https://git.sr.ht/~whereiseveryone/guixrus")
        (branch "master")
        (commit
          "9f2ab7420454603ca107f943a23fe8542e1c16e3")
        (introduction
          (make-channel-introduction
            "7c67c3a9f299517bfc4ce8235628657898dd26b2"
            (openpgp-fingerprint
              "CD2D 5EAA A98C CB37 DA91  D6B0 5F58 1664 7F8B E551"))))
      (channel
        (name 'atlas)
        (url "https://git.sr.ht/~michal_atlas/guix-channel")
        (branch "master")
        (commit
          "f261ca938d03092e17b771a98235c19fa1f9f954"))
      (channel
        (name 'guix)
        (url "https://git.savannah.gnu.org/git/guix.git")
        (branch "master")
        (commit
          "1d62b15dc1f84b4b57cbc423b880a4b4096fda70")
        (introduction
          (make-channel-introduction
            "9edb3f66fd807b096b48283debdcddccfea34bad"
            (openpgp-fingerprint
              "BBB0 2DDF 2CEA F6A8 0D1D  E643 A2A0 6DF2 A33A 54FA")))))
